
Microsoft Visual Studio Solution File, Format Version 12.00
# Visual Studio 15
VisualStudioVersion = 15.0.28307.705
MinimumVisualStudioVersion = 10.0.40219.1
Project("{FAE04EC0-301F-11D3-BF4B-00C04F79EFBC}") = "mvcAddress", "mvcAddress\mvcAddress.csproj", "{A0DAC032-CBA1-4A36-8608-22125DED5EEA}"
EndProject
Project("{FAE04EC0-301F-11D3-BF4B-00C04F79EFBC}") = "apiAddressbook", "apiAddressbook\apiAddressbook.csproj", "{04B28C33-B4FA-4882-A4E8-A6027FD68079}"
EndProject
Project("{FAE04EC0-301F-11D3-BF4B-00C04F79EFBC}") = "appAddress.Android", "appAddress\appAddress.Android\appAddress.Android.csproj", "{09588531-0285-4E42-A3C0-20B42F9728DC}"
EndProject
Project("{FAE04EC0-301F-11D3-BF4B-00C04F79EFBC}") = "appAddress.iOS", "appAddress\appAddress.iOS\appAddress.iOS.csproj", "{088F1F61-06DE-4CB7-8F1C-C9CB7FD01410}"
EndProject
Project("{9A19103F-16F7-4668-BE54-9A1E7A4F7556}") = "appAddress", "appAddress\appAddress\appAddress.csproj", "{04F822EE-6511-42F6-B84F-C48CE07FAE73}"
EndProject
Project("{FAE04EC0-301F-11D3-BF4B-00C04F79EFBC}") = "apiAddressSecurity", "apiAddressSecurity\apiAddressSecurity.csproj", "{A8142F8E-991E-4001-812E-42204FDA6B2A}"
EndProject
Global
	GlobalSection(SolutionConfigurationPlatforms) = preSolution
		Ad-Hoc|Any CPU = Ad-Hoc|Any CPU
		Ad-Hoc|iPhone = Ad-Hoc|iPhone
		Ad-Hoc|iPhoneSimulator = Ad-Hoc|iPhoneSimulator
		AppStore|Any CPU = AppStore|Any CPU
		AppStore|iPhone = AppStore|iPhone
		AppStore|iPhoneSimulator = AppStore|iPhoneSimulator
		Debug|Any CPU = Debug|Any CPU
		Debug|iPhone = Debug|iPhone
		Debug|iPhoneSimulator = Debug|iPhoneSimulator
		Release|Any CPU = Release|Any CPU
		Release|iPhone = Release|iPhone
		Release|iPhoneSimulator = Release|iPhoneSimulator
	EndGlobalSection
	GlobalSection(ProjectConfigurationPlatforms) = postSolution
		{A0DAC032-CBA1-4A36-8608-22125DED5EEA}.Ad-Hoc|Any CPU.ActiveCfg = Release|Any CPU
		{A0DAC032-CBA1-4A36-8608-22125DED5EEA}.Ad-Hoc|Any CPU.Build.0 = Release|Any CPU
		{A0DAC032-CBA1-4A36-8608-22125DED5EEA}.Ad-Hoc|iPhone.ActiveCfg = Release|Any CPU
		{A0DAC032-CBA1-4A36-8608-22125DED5EEA}.Ad-Hoc|iPhone.Build.0 = Release|Any CPU
		{A0DAC032-CBA1-4A36-8608-22125DED5EEA}.Ad-Hoc|iPhoneSimulator.ActiveCfg = Release|Any CPU
		{A0DAC032-CBA1-4A36-8608-22125DED5EEA}.Ad-Hoc|iPhoneSimulator.Build.0 = Release|Any CPU
		{A0DAC032-CBA1-4A36-8608-22125DED5EEA}.AppStore|Any CPU.ActiveCfg = Release|Any CPU
		{A0DAC032-CBA1-4A36-8608-22125DED5EEA}.AppStore|Any CPU.Build.0 = Release|Any CPU
		{A0DAC032-CBA1-4A36-8608-22125DED5EEA}.AppStore|iPhone.ActiveCfg = Release|Any CPU
		{A0DAC032-CBA1-4A36-8608-22125DED5EEA}.AppStore|iPhone.Build.0 = Release|Any CPU
		{A0DAC032-CBA1-4A36-8608-22125DED5EEA}.AppStore|iPhoneSimulator.ActiveCfg = Release|Any CPU
		{A0DAC032-CBA1-4A36-8608-22125DED5EEA}.AppStore|iPhoneSimulator.Build.0 = Release|Any CPU
		{A0DAC032-CBA1-4A36-8608-22125DED5EEA}.Debug|Any CPU.ActiveCfg = Debug|Any CPU
		{A0DAC032-CBA1-4A36-8608-22125DED5EEA}.Debug|Any CPU.Build.0 = Debug|Any CPU
		{A0DAC032-CBA1-4A36-8608-22125DED5EEA}.Debug|iPhone.ActiveCfg = Debug|Any CPU
		{A0DAC032-CBA1-4A36-8608-22125DED5EEA}.Debug|iPhone.Build.0 = Debug|Any CPU
		{A0DAC032-CBA1-4A36-8608-22125DED5EEA}.Debug|iPhoneSimulator.ActiveCfg = Debug|Any CPU
		{A0DAC032-CBA1-4A36-8608-22125DED5EEA}.Debug|iPhoneSimulator.Build.0 = Debug|Any CPU
		{A0DAC032-CBA1-4A36-8608-22125DED5EEA}.Release|Any CPU.ActiveCfg = Release|Any CPU
		{A0DAC032-CBA1-4A36-8608-22125DED5EEA}.Release|Any CPU.Build.0 = Release|Any CPU
		{A0DAC032-CBA1-4A36-8608-22125DED5EEA}.Release|iPhone.ActiveCfg = Release|Any CPU
		{A0DAC032-CBA1-4A36-8608-22125DED5EEA}.Release|iPhone.Build.0 = Release|Any CPU
		{A0DAC032-CBA1-4A36-8608-22125DED5EEA}.Release|iPhoneSimulator.ActiveCfg = Release|Any CPU
		{A0DAC032-CBA1-4A36-8608-22125DED5EEA}.Release|iPhoneSimulator.Build.0 = Release|Any CPU
		{04B28C33-B4FA-4882-A4E8-A6027FD68079}.Ad-Hoc|Any CPU.ActiveCfg = Release|Any CPU
		{04B28C33-B4FA-4882-A4E8-A6027FD68079}.Ad-Hoc|Any CPU.Build.0 = Release|Any CPU
		{04B28C33-B4FA-4882-A4E8-A6027FD68079}.Ad-Hoc|iPhone.ActiveCfg = Release|Any CPU
		{04B28C33-B4FA-4882-A4E8-A6027FD68079}.Ad-Hoc|iPhone.Build.0 = Release|Any CPU
		{04B28C33-B4FA-4882-A4E8-A6027FD68079}.Ad-Hoc|iPhoneSimulator.ActiveCfg = Release|Any CPU
		{04B28C33-B4FA-4882-A4E8-A6027FD68079}.Ad-Hoc|iPhoneSimulator.Build.0 = Release|Any CPU
		{04B28C33-B4FA-4882-A4E8-A6027FD68079}.AppStore|Any CPU.ActiveCfg = Release|Any CPU
		{04B28C33-B4FA-4882-A4E8-A6027FD68079}.AppStore|Any CPU.Build.0 = Release|Any CPU
		{04B28C33-B4FA-4882-A4E8-A6027FD68079}.AppStore|iPhone.ActiveCfg = Release|Any CPU
		{04B28C33-B4FA-4882-A4E8-A6027FD68079}.AppStore|iPhone.Build.0 = Release|Any CPU
		{04B28C33-B4FA-4882-A4E8-A6027FD68079}.AppStore|iPhoneSimulator.ActiveCfg = Release|Any CPU
		{04B28C33-B4FA-4882-A4E8-A6027FD68079}.AppStore|iPhoneSimulator.Build.0 = Release|Any CPU
		{04B28C33-B4FA-4882-A4E8-A6027FD68079}.Debug|Any CPU.ActiveCfg = Debug|Any CPU
		{04B28C33-B4FA-4882-A4E8-A6027FD68079}.Debug|Any CPU.Build.0 = Debug|Any CPU
		{04B28C33-B4FA-4882-A4E8-A6027FD68079}.Debug|iPhone.ActiveCfg = Debug|Any CPU
		{04B28C33-B4FA-4882-A4E8-A6027FD68079}.Debug|iPhone.Build.0 = Debug|Any CPU
		{04B28C33-B4FA-4882-A4E8-A6027FD68079}.Debug|iPhoneSimulator.ActiveCfg = Debug|Any CPU
		{04B28C33-B4FA-4882-A4E8-A6027FD68079}.Debug|iPhoneSimulator.Build.0 = Debug|Any CPU
		{04B28C33-B4FA-4882-A4E8-A6027FD68079}.Release|Any CPU.ActiveCfg = Release|Any CPU
		{04B28C33-B4FA-4882-A4E8-A6027FD68079}.Release|Any CPU.Build.0 = Release|Any CPU
		{04B28C33-B4FA-4882-A4E8-A6027FD68079}.Release|iPhone.ActiveCfg = Release|Any CPU
		{04B28C33-B4FA-4882-A4E8-A6027FD68079}.Release|iPhone.Build.0 = Release|Any CPU
		{04B28C33-B4FA-4882-A4E8-A6027FD68079}.Release|iPhoneSimulator.ActiveCfg = Release|Any CPU
		{04B28C33-B4FA-4882-A4E8-A6027FD68079}.Release|iPhoneSimulator.Build.0 = Release|Any CPU
		{09588531-0285-4E42-A3C0-20B42F9728DC}.Ad-Hoc|Any CPU.ActiveCfg = Release|Any CPU
		{09588531-0285-4E42-A3C0-20B42F9728DC}.Ad-Hoc|Any CPU.Build.0 = Release|Any CPU
		{09588531-0285-4E42-A3C0-20B42F9728DC}.Ad-Hoc|Any CPU.Deploy.0 = Release|Any CPU
		{09588531-0285-4E42-A3C0-20B42F9728DC}.Ad-Hoc|iPhone.ActiveCfg = Release|Any CPU
		{09588531-0285-4E42-A3C0-20B42F9728DC}.Ad-Hoc|iPhone.Build.0 = Release|Any CPU
		{09588531-0285-4E42-A3C0-20B42F9728DC}.Ad-Hoc|iPhone.Deploy.0 = Release|Any CPU
		{09588531-0285-4E42-A3C0-20B42F9728DC}.Ad-Hoc|iPhoneSimulator.ActiveCfg = Release|Any CPU
		{09588531-0285-4E42-A3C0-20B42F9728DC}.Ad-Hoc|iPhoneSimulator.Build.0 = Release|Any CPU
		{09588531-0285-4E42-A3C0-20B42F9728DC}.Ad-Hoc|iPhoneSimulator.Deploy.0 = Release|Any CPU
		{09588531-0285-4E42-A3C0-20B42F9728DC}.AppStore|Any CPU.ActiveCfg = Release|Any CPU
		{09588531-0285-4E42-A3C0-20B42F9728DC}.AppStore|Any CPU.Build.0 = Release|Any CPU
		{09588531-0285-4E42-A3C0-20B42F9728DC}.AppStore|Any CPU.Deploy.0 = Release|Any CPU
		{09588531-0285-4E42-A3C0-20B42F9728DC}.AppStore|iPhone.ActiveCfg = Release|Any CPU
		{09588531-0285-4E42-A3C0-20B42F9728DC}.AppStore|iPhone.Build.0 = Release|Any CPU
		{09588531-0285-4E42-A3C0-20B42F9728DC}.AppStore|iPhone.Deploy.0 = Release|Any CPU
		{09588531-0285-4E42-A3C0-20B42F9728DC}.AppStore|iPhoneSimulator.ActiveCfg = Release|Any CPU
		{09588531-0285-4E42-A3C0-20B42F9728DC}.AppStore|iPhoneSimulator.Build.0 = Release|Any CPU
		{09588531-0285-4E42-A3C0-20B42F9728DC}.AppStore|iPhoneSimulator.Deploy.0 = Release|Any CPU
		{09588531-0285-4E42-A3C0-20B42F9728DC}.Debug|Any CPU.ActiveCfg = Debug|Any CPU
		{09588531-0285-4E42-A3C0-20B42F9728DC}.Debug|Any CPU.Build.0 = Debug|Any CPU
		{09588531-0285-4E42-A3C0-20B42F9728DC}.Debug|Any CPU.Deploy.0 = Debug|Any CPU
		{09588531-0285-4E42-A3C0-20B42F9728DC}.Debug|iPhone.ActiveCfg = Debug|Any CPU
		{09588531-0285-4E42-A3C0-20B42F9728DC}.Debug|iPhone.Build.0 = Debug|Any CPU
		{09588531-0285-4E42-A3C0-20B42F9728DC}.Debug|iPhone.Deploy.0 = Debug|Any CPU
		{09588531-0285-4E42-A3C0-20B42F9728DC}.Debug|iPhoneSimulator.ActiveCfg = Debug|Any CPU
		{09588531-0285-4E42-A3C0-20B42F9728DC}.Debug|iPhoneSimulator.Build.0 = Debug|Any CPU
		{09588531-0285-4E42-A3C0-20B42F9728DC}.Debug|iPhoneSimulator.Deploy.0 = Debug|Any CPU
		{09588531-0285-4E42-A3C0-20B42F9728DC}.Release|Any CPU.ActiveCfg = Release|Any CPU
		{09588531-0285-4E42-A3C0-20B42F9728DC}.Release|Any CPU.Build.0 = Release|Any CPU
		{09588531-0285-4E42-A3C0-20B42F9728DC}.Release|Any CPU.Deploy.0 = Release|Any CPU
		{09588531-0285-4E42-A3C0-20B42F9728DC}.Release|iPhone.ActiveCfg = Release|Any CPU
		{09588531-0285-4E42-A3C0-20B42F9728DC}.Release|iPhone.Build.0 = Release|Any CPU
		{09588531-0285-4E42-A3C0-20B42F9728DC}.Release|iPhone.Deploy.0 = Release|Any CPU
		{09588531-0285-4E42-A3C0-20B42F9728DC}.Release|iPhoneSimulator.ActiveCfg = Release|Any CPU
		{09588531-0285-4E42-A3C0-20B42F9728DC}.Release|iPhoneSimulator.Build.0 = Release|Any CPU
		{09588531-0285-4E42-A3C0-20B42F9728DC}.Release|iPhoneSimulator.Deploy.0 = Release|Any CPU
		{088F1F61-06DE-4CB7-8F1C-C9CB7FD01410}.Ad-Hoc|Any CPU.ActiveCfg = Ad-Hoc|iPhone
		{088F1F61-06DE-4CB7-8F1C-C9CB7FD01410}.Ad-Hoc|iPhone.ActiveCfg = Ad-Hoc|iPhone
		{088F1F61-06DE-4CB7-8F1C-C9CB7FD01410}.Ad-Hoc|iPhone.Build.0 = Ad-Hoc|iPhone
		{088F1F61-06DE-4CB7-8F1C-C9CB7FD01410}.Ad-Hoc|iPhoneSimulator.ActiveCfg = Ad-Hoc|iPhoneSimulator
		{088F1F61-06DE-4CB7-8F1C-C9CB7FD01410}.Ad-Hoc|iPhoneSimulator.Build.0 = Ad-Hoc|iPhoneSimulator
		{088F1F61-06DE-4CB7-8F1C-C9CB7FD01410}.AppStore|Any CPU.ActiveCfg = AppStore|iPhone
		{088F1F61-06DE-4CB7-8F1C-C9CB7FD01410}.AppStore|iPhone.ActiveCfg = AppStore|iPhone
		{088F1F61-06DE-4CB7-8F1C-C9CB7FD01410}.AppStore|iPhone.Build.0 = AppStore|iPhone
		{088F1F61-06DE-4CB7-8F1C-C9CB7FD01410}.AppStore|iPhoneSimulator.ActiveCfg = AppStore|iPhoneSimulator
		{088F1F61-06DE-4CB7-8F1C-C9CB7FD01410}.AppStore|iPhoneSimulator.Build.0 = AppStore|iPhoneSimulator
		{088F1F61-06DE-4CB7-8F1C-C9CB7FD01410}.Debug|Any CPU.ActiveCfg = Debug|iPhone
		{088F1F61-06DE-4CB7-8F1C-C9CB7FD01410}.Debug|iPhone.ActiveCfg = Debug|iPhone
		{088F1F61-06DE-4CB7-8F1C-C9CB7FD01410}.Debug|iPhone.Build.0 = Debug|iPhone
		{088F1F61-06DE-4CB7-8F1C-C9CB7FD01410}.Debug|iPhoneSimulator.ActiveCfg = Debug|iPhoneSimulator
		{088F1F61-06DE-4CB7-8F1C-C9CB7FD01410}.Debug|iPhoneSimulator.Build.0 = Debug|iPhoneSimulator
		{088F1F61-06DE-4CB7-8F1C-C9CB7FD01410}.Release|Any CPU.ActiveCfg = Release|iPhone
		{088F1F61-06DE-4CB7-8F1C-C9CB7FD01410}.Release|iPhone.ActiveCfg = Release|iPhone
		{088F1F61-06DE-4CB7-8F1C-C9CB7FD01410}.Release|iPhone.Build.0 = Release|iPhone
		{088F1F61-06DE-4CB7-8F1C-C9CB7FD01410}.Release|iPhoneSimulator.ActiveCfg = Release|iPhoneSimulator
		{088F1F61-06DE-4CB7-8F1C-C9CB7FD01410}.Release|iPhoneSimulator.Build.0 = Release|iPhoneSimulator
		{04F822EE-6511-42F6-B84F-C48CE07FAE73}.Ad-Hoc|Any CPU.ActiveCfg = Debug|Any CPU
		{04F822EE-6511-42F6-B84F-C48CE07FAE73}.Ad-Hoc|Any CPU.Build.0 = Debug|Any CPU
		{04F822EE-6511-42F6-B84F-C48CE07FAE73}.Ad-Hoc|iPhone.ActiveCfg = Debug|Any CPU
		{04F822EE-6511-42F6-B84F-C48CE07FAE73}.Ad-Hoc|iPhone.Build.0 = Debug|Any CPU
		{04F822EE-6511-42F6-B84F-C48CE07FAE73}.Ad-Hoc|iPhoneSimulator.ActiveCfg = Debug|Any CPU
		{04F822EE-6511-42F6-B84F-C48CE07FAE73}.Ad-Hoc|iPhoneSimulator.Build.0 = Debug|Any CPU
		{04F822EE-6511-42F6-B84F-C48CE07FAE73}.AppStore|Any CPU.ActiveCfg = Debug|Any CPU
		{04F822EE-6511-42F6-B84F-C48CE07FAE73}.AppStore|Any CPU.Build.0 = Debug|Any CPU
		{04F822EE-6511-42F6-B84F-C48CE07FAE73}.AppStore|iPhone.ActiveCfg = Debug|Any CPU
		{04F822EE-6511-42F6-B84F-C48CE07FAE73}.AppStore|iPhone.Build.0 = Debug|Any CPU
		{04F822EE-6511-42F6-B84F-C48CE07FAE73}.AppStore|iPhoneSimulator.ActiveCfg = Debug|Any CPU
		{04F822EE-6511-42F6-B84F-C48CE07FAE73}.AppStore|iPhoneSimulator.Build.0 = Debug|Any CPU
		{04F822EE-6511-42F6-B84F-C48CE07FAE73}.Debug|Any CPU.ActiveCfg = Debug|Any CPU
		{04F822EE-6511-42F6-B84F-C48CE07FAE73}.Debug|Any CPU.Build.0 = Debug|Any CPU
		{04F822EE-6511-42F6-B84F-C48CE07FAE73}.Debug|iPhone.ActiveCfg = Debug|Any CPU
		{04F822EE-6511-42F6-B84F-C48CE07FAE73}.Debug|iPhone.Build.0 = Debug|Any CPU
		{04F822EE-6511-42F6-B84F-C48CE07FAE73}.Debug|iPhoneSimulator.ActiveCfg = Debug|Any CPU
		{04F822EE-6511-42F6-B84F-C48CE07FAE73}.Debug|iPhoneSimulator.Build.0 = Debug|Any CPU
		{04F822EE-6511-42F6-B84F-C48CE07FAE73}.Release|Any CPU.ActiveCfg = Release|Any CPU
		{04F822EE-6511-42F6-B84F-C48CE07FAE73}.Release|Any CPU.Build.0 = Release|Any CPU
		{04F822EE-6511-42F6-B84F-C48CE07FAE73}.Release|iPhone.ActiveCfg = Release|Any CPU
		{04F822EE-6511-42F6-B84F-C48CE07FAE73}.Release|iPhone.Build.0 = Release|Any CPU
		{04F822EE-6511-42F6-B84F-C48CE07FAE73}.Release|iPhoneSimulator.ActiveCfg = Release|Any CPU
		{04F822EE-6511-42F6-B84F-C48CE07FAE73}.Release|iPhoneSimulator.Build.0 = Release|Any CPU
		{A8142F8E-991E-4001-812E-42204FDA6B2A}.Ad-Hoc|Any CPU.ActiveCfg = Release|Any CPU
		{A8142F8E-991E-4001-812E-42204FDA6B2A}.Ad-Hoc|Any CPU.Build.0 = Release|Any CPU
		{A8142F8E-991E-4001-812E-42204FDA6B2A}.Ad-Hoc|iPhone.ActiveCfg = Release|Any CPU
		{A8142F8E-991E-4001-812E-42204FDA6B2A}.Ad-Hoc|iPhone.Build.0 = Release|Any CPU
		{A8142F8E-991E-4001-812E-42204FDA6B2A}.Ad-Hoc|iPhoneSimulator.ActiveCfg = Release|Any CPU
		{A8142F8E-991E-4001-812E-42204FDA6B2A}.Ad-Hoc|iPhoneSimulator.Build.0 = Release|Any CPU
		{A8142F8E-991E-4001-812E-42204FDA6B2A}.AppStore|Any CPU.ActiveCfg = Release|Any CPU
		{A8142F8E-991E-4001-812E-42204FDA6B2A}.AppStore|Any CPU.Build.0 = Release|Any CPU
		{A8142F8E-991E-4001-812E-42204FDA6B2A}.AppStore|iPhone.ActiveCfg = Release|Any CPU
		{A8142F8E-991E-4001-812E-42204FDA6B2A}.AppStore|iPhone.Build.0 = Release|Any CPU
		{A8142F8E-991E-4001-812E-42204FDA6B2A}.AppStore|iPhoneSimulator.ActiveCfg = Release|Any CPU
		{A8142F8E-991E-4001-812E-42204FDA6B2A}.AppStore|iPhoneSimulator.Build.0 = Release|Any CPU
		{A8142F8E-991E-4001-812E-42204FDA6B2A}.Debug|Any CPU.ActiveCfg = Debug|Any CPU
		{A8142F8E-991E-4001-812E-42204FDA6B2A}.Debug|Any CPU.Build.0 = Debug|Any CPU
		{A8142F8E-991E-4001-812E-42204FDA6B2A}.Debug|iPhone.ActiveCfg = Debug|Any CPU
		{A8142F8E-991E-4001-812E-42204FDA6B2A}.Debug|iPhone.Build.0 = Debug|Any CPU
		{A8142F8E-991E-4001-812E-42204FDA6B2A}.Debug|iPhoneSimulator.ActiveCfg = Debug|Any CPU
		{A8142F8E-991E-4001-812E-42204FDA6B2A}.Debug|iPhoneSimulator.Build.0 = Debug|Any CPU
		{A8142F8E-991E-4001-812E-42204FDA6B2A}.Release|Any CPU.ActiveCfg = Release|Any CPU
		{A8142F8E-991E-4001-812E-42204FDA6B2A}.Release|Any CPU.Build.0 = Release|Any CPU
		{A8142F8E-991E-4001-812E-42204FDA6B2A}.Release|iPhone.ActiveCfg = Release|Any CPU
		{A8142F8E-991E-4001-812E-42204FDA6B2A}.Release|iPhone.Build.0 = Release|Any CPU
		{A8142F8E-991E-4001-812E-42204FDA6B2A}.Release|iPhoneSimulator.ActiveCfg = Release|Any CPU
		{A8142F8E-991E-4001-812E-42204FDA6B2A}.Release|iPhoneSimulator.Build.0 = Release|Any CPU
	EndGlobalSection
	GlobalSection(SolutionProperties) = preSolution
		HideSolutionNode = FALSE
	EndGlobalSection
	GlobalSection(ExtensibilityGlobals) = postSolution
		SolutionGuid = {30148ACD-74B6-4B3A-B9DE-F878945058FB}
	EndGlobalSection
EndGlobal
